
Microsoft Visual Studio Solution File, Format Version 12.00
# Visual Studio 15
VisualStudioVersion = 15.0.27703.2018
MinimumVisualStudioVersion = 10.0.40219.1
Project("{FAE04EC0-301F-11D3-BF4B-00C04F79EFBC}") = "MinhaAgenda.Android", "MinhaAgenda\MinhaAgenda.Android\MinhaAgenda.Android.csproj", "{2C950CB2-1055-4502-A73D-DDD0EBCFD100}"
EndProject
Project("{FAE04EC0-301F-11D3-BF4B-00C04F79EFBC}") = "MinhaAgenda.iOS", "MinhaAgenda\MinhaAgenda.iOS\MinhaAgenda.iOS.csproj", "{F91B0209-3175-4932-A135-0F4EBEA011E3}"
EndProject
Project("{FAE04EC0-301F-11D3-BF4B-00C04F79EFBC}") = "MinhaAgenda.UWP", "MinhaAgenda\MinhaAgenda.UWP\MinhaAgenda.UWP.csproj", "{92D6DA3F-071B-44FA-B50A-F5E3ADF9B82F}"
EndProject
Project("{D954291E-2A0B-460D-934E-DC6B0785DB48}") = "MinhaAgenda", "MinhaAgenda\MinhaAgenda\MinhaAgenda.shproj", "{70FBE82E-0A3A-41C2-8E47-562E61D4149E}"
EndProject
Global
	GlobalSection(SharedMSBuildProjectFiles) = preSolution
		MinhaAgenda\MinhaAgenda\MinhaAgenda.projitems*{2c950cb2-1055-4502-a73d-ddd0ebcfd100}*SharedItemsImports = 4
		MinhaAgenda\MinhaAgenda\MinhaAgenda.projitems*{70fbe82e-0a3a-41c2-8e47-562e61d4149e}*SharedItemsImports = 13
		MinhaAgenda\MinhaAgenda\MinhaAgenda.projitems*{92d6da3f-071b-44fa-b50a-f5e3adf9b82f}*SharedItemsImports = 4
		MinhaAgenda\MinhaAgenda\MinhaAgenda.projitems*{f91b0209-3175-4932-a135-0f4ebea011e3}*SharedItemsImports = 4
	EndGlobalSection
	GlobalSection(SolutionConfigurationPlatforms) = preSolution
		Ad-Hoc|Any CPU = Ad-Hoc|Any CPU
		Ad-Hoc|ARM = Ad-Hoc|ARM
		Ad-Hoc|iPhone = Ad-Hoc|iPhone
		Ad-Hoc|iPhoneSimulator = Ad-Hoc|iPhoneSimulator
		Ad-Hoc|x64 = Ad-Hoc|x64
		Ad-Hoc|x86 = Ad-Hoc|x86
		AppStore|Any CPU = AppStore|Any CPU
		AppStore|ARM = AppStore|ARM
		AppStore|iPhone = AppStore|iPhone
		AppStore|iPhoneSimulator = AppStore|iPhoneSimulator
		AppStore|x64 = AppStore|x64
		AppStore|x86 = AppStore|x86
		Debug|Any CPU = Debug|Any CPU
		Debug|ARM = Debug|ARM
		Debug|iPhone = Debug|iPhone
		Debug|iPhoneSimulator = Debug|iPhoneSimulator
		Debug|x64 = Debug|x64
		Debug|x86 = Debug|x86
		Release|Any CPU = Release|Any CPU
		Release|ARM = Release|ARM
		Release|iPhone = Release|iPhone
		Release|iPhoneSimulator = Release|iPhoneSimulator
		Release|x64 = Release|x64
		Release|x86 = Release|x86
	EndGlobalSection
	GlobalSection(ProjectConfigurationPlatforms) = postSolution
		{2C950CB2-1055-4502-A73D-DDD0EBCFD100}.Ad-Hoc|Any CPU.ActiveCfg = Release|Any CPU
		{2C950CB2-1055-4502-A73D-DDD0EBCFD100}.Ad-Hoc|Any CPU.Build.0 = Release|Any CPU
		{2C950CB2-1055-4502-A73D-DDD0EBCFD100}.Ad-Hoc|Any CPU.Deploy.0 = Release|Any CPU
		{2C950CB2-1055-4502-A73D-DDD0EBCFD100}.Ad-Hoc|ARM.ActiveCfg = Release|Any CPU
		{2C950CB2-1055-4502-A73D-DDD0EBCFD100}.Ad-Hoc|ARM.Build.0 = Release|Any CPU
		{2C950CB2-1055-4502-A73D-DDD0EBCFD100}.Ad-Hoc|ARM.Deploy.0 = Release|Any CPU
		{2C950CB2-1055-4502-A73D-DDD0EBCFD100}.Ad-Hoc|iPhone.ActiveCfg = Release|Any CPU
		{2C950CB2-1055-4502-A73D-DDD0EBCFD100}.Ad-Hoc|iPhone.Build.0 = Release|Any CPU
		{2C950CB2-1055-4502-A73D-DDD0EBCFD100}.Ad-Hoc|iPhone.Deploy.0 = Release|Any CPU
		{2C950CB2-1055-4502-A73D-DDD0EBCFD100}.Ad-Hoc|iPhoneSimulator.ActiveCfg = Release|Any CPU
		{2C950CB2-1055-4502-A73D-DDD0EBCFD100}.Ad-Hoc|iPhoneSimulator.Build.0 = Release|Any CPU
		{2C950CB2-1055-4502-A73D-DDD0EBCFD100}.Ad-Hoc|iPhoneSimulator.Deploy.0 = Release|Any CPU
		{2C950CB2-1055-4502-A73D-DDD0EBCFD100}.Ad-Hoc|x64.ActiveCfg = Release|Any CPU
		{2C950CB2-1055-4502-A73D-DDD0EBCFD100}.Ad-Hoc|x64.Build.0 = Release|Any CPU
		{2C950CB2-1055-4502-A73D-DDD0EBCFD100}.Ad-Hoc|x64.Deploy.0 = Release|Any CPU
		{2C950CB2-1055-4502-A73D-DDD0EBCFD100}.Ad-Hoc|x86.ActiveCfg = Release|Any CPU
		{2C950CB2-1055-4502-A73D-DDD0EBCFD100}.Ad-Hoc|x86.Build.0 = Release|Any CPU
		{2C950CB2-1055-4502-A73D-DDD0EBCFD100}.Ad-Hoc|x86.Deploy.0 = Release|Any CPU
		{2C950CB2-1055-4502-A73D-DDD0EBCFD100}.AppStore|Any CPU.ActiveCfg = Release|Any CPU
		{2C950CB2-1055-4502-A73D-DDD0EBCFD100}.AppStore|Any CPU.Build.0 = Release|Any CPU
		{2C950CB2-1055-4502-A73D-DDD0EBCFD100}.AppStore|Any CPU.Deploy.0 = Release|Any CPU
		{2C950CB2-1055-4502-A73D-DDD0EBCFD100}.AppStore|ARM.ActiveCfg = Release|Any CPU
		{2C950CB2-1055-4502-A73D-DDD0EBCFD100}.AppStore|ARM.Build.0 = Release|Any CPU
		{2C950CB2-1055-4502-A73D-DDD0EBCFD100}.AppStore|ARM.Deploy.0 = Release|Any CPU
		{2C950CB2-1055-4502-A73D-DDD0EBCFD100}.AppStore|iPhone.ActiveCfg = Release|Any CPU
		{2C950CB2-1055-4502-A73D-DDD0EBCFD100}.AppStore|iPhone.Build.0 = Release|Any CPU
		{2C950CB2-1055-4502-A73D-DDD0EBCFD100}.AppStore|iPhone.Deploy.0 = Release|Any CPU
		{2C950CB2-1055-4502-A73D-DDD0EBCFD100}.AppStore|iPhoneSimulator.ActiveCfg = Release|Any CPU
		{2C950CB2-1055-4502-A73D-DDD0EBCFD100}.AppStore|iPhoneSimulator.Build.0 = Release|Any CPU
		{2C950CB2-1055-4502-A73D-DDD0EBCFD100}.AppStore|iPhoneSimulator.Deploy.0 = Release|Any CPU
		{2C950CB2-1055-4502-A73D-DDD0EBCFD100}.AppStore|x64.ActiveCfg = Release|Any CPU
		{2C950CB2-1055-4502-A73D-DDD0EBCFD100}.AppStore|x64.Build.0 = Release|Any CPU
		{2C950CB2-1055-4502-A73D-DDD0EBCFD100}.AppStore|x64.Deploy.0 = Release|Any CPU
		{2C950CB2-1055-4502-A73D-DDD0EBCFD100}.AppStore|x86.ActiveCfg = Release|Any CPU
		{2C950CB2-1055-4502-A73D-DDD0EBCFD100}.AppStore|x86.Build.0 = Release|Any CPU
		{2C950CB2-1055-4502-A73D-DDD0EBCFD100}.AppStore|x86.Deploy.0 = Release|Any CPU
		{2C950CB2-1055-4502-A73D-DDD0EBCFD100}.Debug|Any CPU.ActiveCfg = Debug|Any CPU
		{2C950CB2-1055-4502-A73D-DDD0EBCFD100}.Debug|Any CPU.Build.0 = Debug|Any CPU
		{2C950CB2-1055-4502-A73D-DDD0EBCFD100}.Debug|Any CPU.Deploy.0 = Debug|Any CPU
		{2C950CB2-1055-4502-A73D-DDD0EBCFD100}.Debug|ARM.ActiveCfg = Debug|Any CPU
		{2C950CB2-1055-4502-A73D-DDD0EBCFD100}.Debug|ARM.Build.0 = Debug|Any CPU
		{2C950CB2-1055-4502-A73D-DDD0EBCFD100}.Debug|ARM.Deploy.0 = Debug|Any CPU
		{2C950CB2-1055-4502-A73D-DDD0EBCFD100}.Debug|iPhone.ActiveCfg = Debug|Any CPU
		{2C950CB2-1055-4502-A73D-DDD0EBCFD100}.Debug|iPhone.Build.0 = Debug|Any CPU
		{2C950CB2-1055-4502-A73D-DDD0EBCFD100}.Debug|iPhone.Deploy.0 = Debug|Any CPU
		{2C950CB2-1055-4502-A73D-DDD0EBCFD100}.Debug|iPhoneSimulator.ActiveCfg = Debug|Any CPU
		{2C950CB2-1055-4502-A73D-DDD0EBCFD100}.Debug|iPhoneSimulator.Build.0 = Debug|Any CPU
		{2C950CB2-1055-4502-A73D-DDD0EBCFD100}.Debug|iPhoneSimulator.Deploy.0 = Debug|Any CPU
		{2C950CB2-1055-4502-A73D-DDD0EBCFD100}.Debug|x64.ActiveCfg = Debug|Any CPU
		{2C950CB2-1055-4502-A73D-DDD0EBCFD100}.Debug|x64.Build.0 = Debug|Any CPU
		{2C950CB2-1055-4502-A73D-DDD0EBCFD100}.Debug|x64.Deploy.0 = Debug|Any CPU
		{2C950CB2-1055-4502-A73D-DDD0EBCFD100}.Debug|x86.ActiveCfg = Debug|Any CPU
		{2C950CB2-1055-4502-A73D-DDD0EBCFD100}.Debug|x86.Build.0 = Debug|Any CPU
		{2C950CB2-1055-4502-A73D-DDD0EBCFD100}.Debug|x86.Deploy.0 = Debug|Any CPU
		{2C950CB2-1055-4502-A73D-DDD0EBCFD100}.Release|Any CPU.ActiveCfg = Release|Any CPU
		{2C950CB2-1055-4502-A73D-DDD0EBCFD100}.Release|Any CPU.Build.0 = Release|Any CPU
		{2C950CB2-1055-4502-A73D-DDD0EBCFD100}.Release|Any CPU.Deploy.0 = Release|Any CPU
		{2C950CB2-1055-4502-A73D-DDD0EBCFD100}.Release|ARM.ActiveCfg = Release|Any CPU
		{2C950CB2-1055-4502-A73D-DDD0EBCFD100}.Release|ARM.Build.0 = Release|Any CPU
		{2C950CB2-1055-4502-A73D-DDD0EBCFD100}.Release|ARM.Deploy.0 = Release|Any CPU
		{2C950CB2-1055-4502-A73D-DDD0EBCFD100}.Release|iPhone.ActiveCfg = Release|Any CPU
		{2C950CB2-1055-4502-A73D-DDD0EBCFD100}.Release|iPhone.Build.0 = Release|Any CPU
		{2C950CB2-1055-4502-A73D-DDD0EBCFD100}.Release|iPhone.Deploy.0 = Release|Any CPU
		{2C950CB2-1055-4502-A73D-DDD0EBCFD100}.Release|iPhoneSimulator.ActiveCfg = Release|Any CPU
		{2C950CB2-1055-4502-A73D-DDD0EBCFD100}.Release|iPhoneSimulator.Build.0 = Release|Any CPU
		{2C950CB2-1055-4502-A73D-DDD0EBCFD100}.Release|iPhoneSimulator.Deploy.0 = Release|Any CPU
		{2C950CB2-1055-4502-A73D-DDD0EBCFD100}.Release|x64.ActiveCfg = Release|Any CPU
		{2C950CB2-1055-4502-A73D-DDD0EBCFD100}.Release|x64.Build.0 = Release|Any CPU
		{2C950CB2-1055-4502-A73D-DDD0EBCFD100}.Release|x64.Deploy.0 = Release|Any CPU
		{2C950CB2-1055-4502-A73D-DDD0EBCFD100}.Release|x86.ActiveCfg = Release|Any CPU
		{2C950CB2-1055-4502-A73D-DDD0EBCFD100}.Release|x86.Build.0 = Release|Any CPU
		{2C950CB2-1055-4502-A73D-DDD0EBCFD100}.Release|x86.Deploy.0 = Release|Any CPU
		{F91B0209-3175-4932-A135-0F4EBEA011E3}.Ad-Hoc|Any CPU.ActiveCfg = Ad-Hoc|iPhone
		{F91B0209-3175-4932-A135-0F4EBEA011E3}.Ad-Hoc|Any CPU.Build.0 = Ad-Hoc|iPhone
		{F91B0209-3175-4932-A135-0F4EBEA011E3}.Ad-Hoc|Any CPU.Deploy.0 = Ad-Hoc|iPhone
		{F91B0209-3175-4932-A135-0F4EBEA011E3}.Ad-Hoc|ARM.ActiveCfg = Ad-Hoc|iPhone
		{F91B0209-3175-4932-A135-0F4EBEA011E3}.Ad-Hoc|ARM.Build.0 = Ad-Hoc|iPhone
		{F91B0209-3175-4932-A135-0F4EBEA011E3}.Ad-Hoc|ARM.Deploy.0 = Ad-Hoc|iPhone
		{F91B0209-3175-4932-A135-0F4EBEA011E3}.Ad-Hoc|iPhone.ActiveCfg = Ad-Hoc|iPhone
		{F91B0209-3175-4932-A135-0F4EBEA011E3}.Ad-Hoc|iPhone.Build.0 = Ad-Hoc|iPhone
		{F91B0209-3175-4932-A135-0F4EBEA011E3}.Ad-Hoc|iPhone.Deploy.0 = Ad-Hoc|iPhone
		{F91B0209-3175-4932-A135-0F4EBEA011E3}.Ad-Hoc|iPhoneSimulator.ActiveCfg = Ad-Hoc|iPhoneSimulator
		{F91B0209-3175-4932-A135-0F4EBEA011E3}.Ad-Hoc|iPhoneSimulator.Build.0 = Ad-Hoc|iPhoneSimulator
		{F91B0209-3175-4932-A135-0F4EBEA011E3}.Ad-Hoc|iPhoneSimulator.Deploy.0 = Ad-Hoc|iPhoneSimulator
		{F91B0209-3175-4932-A135-0F4EBEA011E3}.Ad-Hoc|x64.ActiveCfg = Ad-Hoc|iPhone
		{F91B0209-3175-4932-A135-0F4EBEA011E3}.Ad-Hoc|x64.Build.0 = Ad-Hoc|iPhone
		{F91B0209-3175-4932-A135-0F4EBEA011E3}.Ad-Hoc|x64.Deploy.0 = Ad-Hoc|iPhone
		{F91B0209-3175-4932-A135-0F4EBEA011E3}.Ad-Hoc|x86.ActiveCfg = Ad-Hoc|iPhone
		{F91B0209-3175-4932-A135-0F4EBEA011E3}.Ad-Hoc|x86.Build.0 = Ad-Hoc|iPhone
		{F91B0209-3175-4932-A135-0F4EBEA011E3}.Ad-Hoc|x86.Deploy.0 = Ad-Hoc|iPhone
		{F91B0209-3175-4932-A135-0F4EBEA011E3}.AppStore|Any CPU.ActiveCfg = AppStore|iPhone
		{F91B0209-3175-4932-A135-0F4EBEA011E3}.AppStore|Any CPU.Build.0 = AppStore|iPhone
		{F91B0209-3175-4932-A135-0F4EBEA011E3}.AppStore|Any CPU.Deploy.0 = AppStore|iPhone
		{F91B0209-3175-4932-A135-0F4EBEA011E3}.AppStore|ARM.ActiveCfg = AppStore|iPhone
		{F91B0209-3175-4932-A135-0F4EBEA011E3}.AppStore|ARM.Build.0 = AppStore|iPhone
		{F91B0209-3175-4932-A135-0F4EBEA011E3}.AppStore|ARM.Deploy.0 = AppStore|iPhone
		{F91B0209-3175-4932-A135-0F4EBEA011E3}.AppStore|iPhone.ActiveCfg = AppStore|iPhone
		{F91B0209-3175-4932-A135-0F4EBEA011E3}.AppStore|iPhone.Build.0 = AppStore|iPhone
		{F91B0209-3175-4932-A135-0F4EBEA011E3}.AppStore|iPhone.Deploy.0 = AppStore|iPhone
		{F91B0209-3175-4932-A135-0F4EBEA011E3}.AppStore|iPhoneSimulator.ActiveCfg = AppStore|iPhoneSimulator
		{F91B0209-3175-4932-A135-0F4EBEA011E3}.AppStore|iPhoneSimulator.Build.0 = AppStore|iPhoneSimulator
		{F91B0209-3175-4932-A135-0F4EBEA011E3}.AppStore|iPhoneSimulator.Deploy.0 = AppStore|iPhoneSimulator
		{F91B0209-3175-4932-A135-0F4EBEA011E3}.AppStore|x64.ActiveCfg = AppStore|iPhone
		{F91B0209-3175-4932-A135-0F4EBEA011E3}.AppStore|x64.Build.0 = AppStore|iPhone
		{F91B0209-3175-4932-A135-0F4EBEA011E3}.AppStore|x64.Deploy.0 = AppStore|iPhone
		{F91B0209-3175-4932-A135-0F4EBEA011E3}.AppStore|x86.ActiveCfg = AppStore|iPhone
		{F91B0209-3175-4932-A135-0F4EBEA011E3}.AppStore|x86.Build.0 = AppStore|iPhone
		{F91B0209-3175-4932-A135-0F4EBEA011E3}.AppStore|x86.Deploy.0 = AppStore|iPhone
		{F91B0209-3175-4932-A135-0F4EBEA011E3}.Debug|Any CPU.ActiveCfg = Debug|iPhoneSimulator
		{F91B0209-3175-4932-A135-0F4EBEA011E3}.Debug|Any CPU.Build.0 = Debug|iPhoneSimulator
		{F91B0209-3175-4932-A135-0F4EBEA011E3}.Debug|Any CPU.Deploy.0 = Debug|iPhoneSimulator
		{F91B0209-3175-4932-A135-0F4EBEA011E3}.Debug|ARM.ActiveCfg = Debug|iPhone
		{F91B0209-3175-4932-A135-0F4EBEA011E3}.Debug|ARM.Build.0 = Debug|iPhone
		{F91B0209-3175-4932-A135-0F4EBEA011E3}.Debug|ARM.Deploy.0 = Debug|iPhone
		{F91B0209-3175-4932-A135-0F4EBEA011E3}.Debug|iPhone.ActiveCfg = Debug|iPhone
		{F91B0209-3175-4932-A135-0F4EBEA011E3}.Debug|iPhone.Build.0 = Debug|iPhone
		{F91B0209-3175-4932-A135-0F4EBEA011E3}.Debug|iPhone.Deploy.0 = Debug|iPhone
		{F91B0209-3175-4932-A135-0F4EBEA011E3}.Debug|iPhoneSimulator.ActiveCfg = Debug|iPhoneSimulator
		{F91B0209-3175-4932-A135-0F4EBEA011E3}.Debug|iPhoneSimulator.Build.0 = Debug|iPhoneSimulator
		{F91B0209-3175-4932-A135-0F4EBEA011E3}.Debug|iPhoneSimulator.Deploy.0 = Debug|iPhoneSimulator
		{F91B0209-3175-4932-A135-0F4EBEA011E3}.Debug|x64.ActiveCfg = Debug|iPhone
		{F91B0209-3175-4932-A135-0F4EBEA011E3}.Debug|x64.Build.0 = Debug|iPhone
		{F91B0209-3175-4932-A135-0F4EBEA011E3}.Debug|x64.Deploy.0 = Debug|iPhone
		{F91B0209-3175-4932-A135-0F4EBEA011E3}.Debug|x86.ActiveCfg = Debug|iPhone
		{F91B0209-3175-4932-A135-0F4EBEA011E3}.Debug|x86.Build.0 = Debug|iPhone
		{F91B0209-3175-4932-A135-0F4EBEA011E3}.Debug|x86.Deploy.0 = Debug|iPhone
		{F91B0209-3175-4932-A135-0F4EBEA011E3}.Release|Any CPU.ActiveCfg = Release|iPhone
		{F91B0209-3175-4932-A135-0F4EBEA011E3}.Release|Any CPU.Build.0 = Release|iPhone
		{F91B0209-3175-4932-A135-0F4EBEA011E3}.Release|Any CPU.Deploy.0 = Release|iPhone
		{F91B0209-3175-4932-A135-0F4EBEA011E3}.Release|ARM.ActiveCfg = Release|iPhone
		{F91B0209-3175-4932-A135-0F4EBEA011E3}.Release|ARM.Build.0 = Release|iPhone
		{F91B0209-3175-4932-A135-0F4EBEA011E3}.Release|ARM.Deploy.0 = Release|iPhone
		{F91B0209-3175-4932-A135-0F4EBEA011E3}.Release|iPhone.ActiveCfg = Release|iPhone
		{F91B0209-3175-4932-A135-0F4EBEA011E3}.Release|iPhone.Build.0 = Release|iPhone
		{F91B0209-3175-4932-A135-0F4EBEA011E3}.Release|iPhone.Deploy.0 = Release|iPhone
		{F91B0209-3175-4932-A135-0F4EBEA011E3}.Release|iPhoneSimulator.ActiveCfg = Release|iPhoneSimulator
		{F91B0209-3175-4932-A135-0F4EBEA011E3}.Release|iPhoneSimulator.Build.0 = Release|iPhoneSimulator
		{F91B0209-3175-4932-A135-0F4EBEA011E3}.Release|iPhoneSimulator.Deploy.0 = Release|iPhoneSimulator
		{F91B0209-3175-4932-A135-0F4EBEA011E3}.Release|x64.ActiveCfg = Release|iPhone
		{F91B0209-3175-4932-A135-0F4EBEA011E3}.Release|x64.Build.0 = Release|iPhone
		{F91B0209-3175-4932-A135-0F4EBEA011E3}.Release|x64.Deploy.0 = Release|iPhone
		{F91B0209-3175-4932-A135-0F4EBEA011E3}.Release|x86.ActiveCfg = Release|iPhone
		{F91B0209-3175-4932-A135-0F4EBEA011E3}.Release|x86.Build.0 = Release|iPhone
		{F91B0209-3175-4932-A135-0F4EBEA011E3}.Release|x86.Deploy.0 = Release|iPhone
		{92D6DA3F-071B-44FA-B50A-F5E3ADF9B82F}.Ad-Hoc|Any CPU.ActiveCfg = Release|x86
		{92D6DA3F-071B-44FA-B50A-F5E3ADF9B82F}.Ad-Hoc|Any CPU.Build.0 = Release|x86
		{92D6DA3F-071B-44FA-B50A-F5E3ADF9B82F}.Ad-Hoc|Any CPU.Deploy.0 = Release|x86
		{92D6DA3F-071B-44FA-B50A-F5E3ADF9B82F}.Ad-Hoc|ARM.ActiveCfg = Release|ARM
		{92D6DA3F-071B-44FA-B50A-F5E3ADF9B82F}.Ad-Hoc|ARM.Build.0 = Release|ARM
		{92D6DA3F-071B-44FA-B50A-F5E3ADF9B82F}.Ad-Hoc|ARM.Deploy.0 = Release|ARM
		{92D6DA3F-071B-44FA-B50A-F5E3ADF9B82F}.Ad-Hoc|iPhone.ActiveCfg = Release|x86
		{92D6DA3F-071B-44FA-B50A-F5E3ADF9B82F}.Ad-Hoc|iPhone.Build.0 = Release|x86
		{92D6DA3F-071B-44FA-B50A-F5E3ADF9B82F}.Ad-Hoc|iPhone.Deploy.0 = Release|x86
		{92D6DA3F-071B-44FA-B50A-F5E3ADF9B82F}.Ad-Hoc|iPhoneSimulator.ActiveCfg = Release|x86
		{92D6DA3F-071B-44FA-B50A-F5E3ADF9B82F}.Ad-Hoc|iPhoneSimulator.Build.0 = Release|x86
		{92D6DA3F-071B-44FA-B50A-F5E3ADF9B82F}.Ad-Hoc|iPhoneSimulator.Deploy.0 = Release|x86
		{92D6DA3F-071B-44FA-B50A-F5E3ADF9B82F}.Ad-Hoc|x64.ActiveCfg = Release|x64
		{92D6DA3F-071B-44FA-B50A-F5E3ADF9B82F}.Ad-Hoc|x64.Build.0 = Release|x64
		{92D6DA3F-071B-44FA-B50A-F5E3ADF9B82F}.Ad-Hoc|x64.Deploy.0 = Release|x64
		{92D6DA3F-071B-44FA-B50A-F5E3ADF9B82F}.Ad-Hoc|x86.ActiveCfg = Release|x86
		{92D6DA3F-071B-44FA-B50A-F5E3ADF9B82F}.Ad-Hoc|x86.Build.0 = Release|x86
		{92D6DA3F-071B-44FA-B50A-F5E3ADF9B82F}.Ad-Hoc|x86.Deploy.0 = Release|x86
		{92D6DA3F-071B-44FA-B50A-F5E3ADF9B82F}.AppStore|Any CPU.ActiveCfg = Release|x86
		{92D6DA3F-071B-44FA-B50A-F5E3ADF9B82F}.AppStore|Any CPU.Build.0 = Release|x86
		{92D6DA3F-071B-44FA-B50A-F5E3ADF9B82F}.AppStore|Any CPU.Deploy.0 = Release|x86
		{92D6DA3F-071B-44FA-B50A-F5E3ADF9B82F}.AppStore|ARM.ActiveCfg = Release|ARM
		{92D6DA3F-071B-44FA-B50A-F5E3ADF9B82F}.AppStore|ARM.Build.0 = Release|ARM
		{92D6DA3F-071B-44FA-B50A-F5E3ADF9B82F}.AppStore|ARM.Deploy.0 = Release|ARM
		{92D6DA3F-071B-44FA-B50A-F5E3ADF9B82F}.AppStore|iPhone.ActiveCfg = Release|x86
		{92D6DA3F-071B-44FA-B50A-F5E3ADF9B82F}.AppStore|iPhone.Build.0 = Release|x86
		{92D6DA3F-071B-44FA-B50A-F5E3ADF9B82F}.AppStore|iPhone.Deploy.0 = Release|x86
		{92D6DA3F-071B-44FA-B50A-F5E3ADF9B82F}.AppStore|iPhoneSimulator.ActiveCfg = Release|x86
		{92D6DA3F-071B-44FA-B50A-F5E3ADF9B82F}.AppStore|iPhoneSimulator.Build.0 = Release|x86
		{92D6DA3F-071B-44FA-B50A-F5E3ADF9B82F}.AppStore|iPhoneSimulator.Deploy.0 = Release|x86
		{92D6DA3F-071B-44FA-B50A-F5E3ADF9B82F}.AppStore|x64.ActiveCfg = Release|x64
		{92D6DA3F-071B-44FA-B50A-F5E3ADF9B82F}.AppStore|x64.Build.0 = Release|x64
		{92D6DA3F-071B-44FA-B50A-F5E3ADF9B82F}.AppStore|x64.Deploy.0 = Release|x64
		{92D6DA3F-071B-44FA-B50A-F5E3ADF9B82F}.AppStore|x86.ActiveCfg = Release|x86
		{92D6DA3F-071B-44FA-B50A-F5E3ADF9B82F}.AppStore|x86.Build.0 = Release|x86
		{92D6DA3F-071B-44FA-B50A-F5E3ADF9B82F}.AppStore|x86.Deploy.0 = Release|x86
		{92D6DA3F-071B-44FA-B50A-F5E3ADF9B82F}.Debug|Any CPU.ActiveCfg = Debug|x86
		{92D6DA3F-071B-44FA-B50A-F5E3ADF9B82F}.Debug|Any CPU.Build.0 = Debug|x86
		{92D6DA3F-071B-44FA-B50A-F5E3ADF9B82F}.Debug|Any CPU.Deploy.0 = Debug|x86
		{92D6DA3F-071B-44FA-B50A-F5E3ADF9B82F}.Debug|ARM.ActiveCfg = Debug|ARM
		{92D6DA3F-071B-44FA-B50A-F5E3ADF9B82F}.Debug|ARM.Build.0 = Debug|ARM
		{92D6DA3F-071B-44FA-B50A-F5E3ADF9B82F}.Debug|ARM.Deploy.0 = Debug|ARM
		{92D6DA3F-071B-44FA-B50A-F5E3ADF9B82F}.Debug|iPhone.ActiveCfg = Debug|x86
		{92D6DA3F-071B-44FA-B50A-F5E3ADF9B82F}.Debug|iPhone.Build.0 = Debug|x86
		{92D6DA3F-071B-44FA-B50A-F5E3ADF9B82F}.Debug|iPhone.Deploy.0 = Debug|x86
		{92D6DA3F-071B-44FA-B50A-F5E3ADF9B82F}.Debug|iPhoneSimulator.ActiveCfg = Debug|x86
		{92D6DA3F-071B-44FA-B50A-F5E3ADF9B82F}.Debug|iPhoneSimulator.Build.0 = Debug|x86
		{92D6DA3F-071B-44FA-B50A-F5E3ADF9B82F}.Debug|iPhoneSimulator.Deploy.0 = Debug|x86
		{92D6DA3F-071B-44FA-B50A-F5E3ADF9B82F}.Debug|x64.ActiveCfg = Debug|x64
		{92D6DA3F-071B-44FA-B50A-F5E3ADF9B82F}.Debug|x64.Build.0 = Debug|x64
		{92D6DA3F-071B-44FA-B50A-F5E3ADF9B82F}.Debug|x64.Deploy.0 = Debug|x64
		{92D6DA3F-071B-44FA-B50A-F5E3ADF9B82F}.Debug|x86.ActiveCfg = Debug|x86
		{92D6DA3F-071B-44FA-B50A-F5E3ADF9B82F}.Debug|x86.Build.0 = Debug|x86
		{92D6DA3F-071B-44FA-B50A-F5E3ADF9B82F}.Debug|x86.Deploy.0 = Debug|x86
		{92D6DA3F-071B-44FA-B50A-F5E3ADF9B82F}.Release|Any CPU.ActiveCfg = Release|x86
		{92D6DA3F-071B-44FA-B50A-F5E3ADF9B82F}.Release|Any CPU.Build.0 = Release|x86
		{92D6DA3F-071B-44FA-B50A-F5E3ADF9B82F}.Release|Any CPU.Deploy.0 = Release|x86
		{92D6DA3F-071B-44FA-B50A-F5E3ADF9B82F}.Release|ARM.ActiveCfg = Release|ARM
		{92D6DA3F-071B-44FA-B50A-F5E3ADF9B82F}.Release|ARM.Build.0 = Release|ARM
		{92D6DA3F-071B-44FA-B50A-F5E3ADF9B82F}.Release|ARM.Deploy.0 = Release|ARM
		{92D6DA3F-071B-44FA-B50A-F5E3ADF9B82F}.Release|iPhone.ActiveCfg = Release|x86
		{92D6DA3F-071B-44FA-B50A-F5E3ADF9B82F}.Release|iPhone.Build.0 = Release|x86
		{92D6DA3F-071B-44FA-B50A-F5E3ADF9B82F}.Release|iPhone.Deploy.0 = Release|x86
		{92D6DA3F-071B-44FA-B50A-F5E3ADF9B82F}.Release|iPhoneSimulator.ActiveCfg = Release|x86
		{92D6DA3F-071B-44FA-B50A-F5E3ADF9B82F}.Release|iPhoneSimulator.Build.0 = Release|x86
		{92D6DA3F-071B-44FA-B50A-F5E3ADF9B82F}.Release|iPhoneSimulator.Deploy.0 = Release|x86
		{92D6DA3F-071B-44FA-B50A-F5E3ADF9B82F}.Release|x64.ActiveCfg = Release|x64
		{92D6DA3F-071B-44FA-B50A-F5E3ADF9B82F}.Release|x64.Build.0 = Release|x64
		{92D6DA3F-071B-44FA-B50A-F5E3ADF9B82F}.Release|x64.Deploy.0 = Release|x64
		{92D6DA3F-071B-44FA-B50A-F5E3ADF9B82F}.Release|x86.ActiveCfg = Release|x86
		{92D6DA3F-071B-44FA-B50A-F5E3ADF9B82F}.Release|x86.Build.0 = Release|x86
		{92D6DA3F-071B-44FA-B50A-F5E3ADF9B82F}.Release|x86.Deploy.0 = Release|x86
	EndGlobalSection
	GlobalSection(SolutionProperties) = preSolution
		HideSolutionNode = FALSE
	EndGlobalSection
	GlobalSection(ExtensibilityGlobals) = postSolution
		SolutionGuid = {FDEE397F-955A-4E2C-AC81-92A0782FC8C3}
	EndGlobalSection
EndGlobal
